
Microsoft Visual Studio Solution File, Format Version 12.00
# Visual Studio Version 17
VisualStudioVersion = 17.14.36511.14 d17.14
MinimumVisualStudioVersion = 10.0.40219.1
Project("{FAE04EC0-301F-11D3-BF4B-00C04F79EFBC}") = "qn9", "qn9\qn9.csproj", "{786D5932-7459-4147-B2D5-4BA1E91227BD}"
EndProject
Global
	GlobalSection(SolutionConfigurationPlatforms) = preSolution
		Debug|Any CPU = Debug|Any CPU
		Release|Any CPU = Release|Any CPU
	EndGlobalSection
	GlobalSection(ProjectConfigurationPlatforms) = postSolution
		{786D5932-7459-4147-B2D5-4BA1E91227BD}.Debug|Any CPU.ActiveCfg = Debug|Any CPU
		{786D5932-7459-4147-B2D5-4BA1E91227BD}.Debug|Any CPU.Build.0 = Debug|Any CPU
		{786D5932-7459-4147-B2D5-4BA1E91227BD}.Release|Any CPU.ActiveCfg = Release|Any CPU
		{786D5932-7459-4147-B2D5-4BA1E91227BD}.Release|Any CPU.Build.0 = Release|Any CPU
	EndGlobalSection
	GlobalSection(SolutionProperties) = preSolution
		HideSolutionNode = FALSE
	EndGlobalSection
	GlobalSection(ExtensibilityGlobals) = postSolution
		SolutionGuid = {2150FB90-0297-4CC7-BD51-4681FA96E8D0}
	EndGlobalSection
EndGlobal
